// !$*UTF8*$!
{
	archiveVersion = 1;
	classes = {
	};
	objectVersion = 46;
	objects = {

/* Begin PBXBuildFile section */
		B7DF60CD190F622200441B2F /* Foundation.framework in Frameworks */ = {isa = PBXBuildFile; fileRef = B7DF60CC190F622200441B2F /* Foundation.framework */; };
		B7DF60CF190F622200441B2F /* CoreGraphics.framework in Frameworks */ = {isa = PBXBuildFile; fileRef = B7DF60CE190F622200441B2F /* CoreGraphics.framework */; };
		B7DF60D1190F622200441B2F /* UIKit.framework in Frameworks */ = {isa = PBXBuildFile; fileRef = B7DF60D0190F622200441B2F /* UIKit.framework */; };
		B7DF60D7190F622200441B2F /* InfoPlist.strings in Resources */ = {isa = PBXBuildFile; fileRef = B7DF60D5190F622200441B2F /* InfoPlist.strings */; };
		B7DF60D9190F622200441B2F /* main.m in Sources */ = {isa = PBXBuildFile; fileRef = B7DF60D8190F622200441B2F /* main.m */; };
		B7DF60DD190F622200441B2F /* KCLAppDelegate.m in Sources */ = {isa = PBXBuildFile; fileRef = B7DF60DC190F622200441B2F /* KCLAppDelegate.m */; };
		B7DF60E0190F622200441B2F /* Main.storyboard in Resources */ = {isa = PBXBuildFile; fileRef = B7DF60DE190F622200441B2F /* Main.storyboard */; };
		B7DF60E3190F622200441B2F /* KCLViewController.m in Sources */ = {isa = PBXBuildFile; fileRef = B7DF60E2190F622200441B2F /* KCLViewController.m */; };
		B7DF60E5190F622200441B2F /* Images.xcassets in Resources */ = {isa = PBXBuildFile; fileRef = B7DF60E4190F622200441B2F /* Images.xcassets */; };
		B7DF60EC190F622300441B2F /* XCTest.framework in Frameworks */ = {isa = PBXBuildFile; fileRef = B7DF60EB190F622300441B2F /* XCTest.framework */; };
		B7DF60ED190F622300441B2F /* Foundation.framework in Frameworks */ = {isa = PBXBuildFile; fileRef = B7DF60CC190F622200441B2F /* Foundation.framework */; };
		B7DF60EE190F622300441B2F /* UIKit.framework in Frameworks */ = {isa = PBXBuildFile; fileRef = B7DF60D0190F622200441B2F /* UIKit.framework */; };
		B7DF60F6190F622300441B2F /* InfoPlist.strings in Resources */ = {isa = PBXBuildFile; fileRef = B7DF60F4190F622300441B2F /* InfoPlist.strings */; };
		B7DF60F8190F622300441B2F /* KCLSampleExtendedLayoutIncludesOpaqueBarsTests.m in Sources */ = {isa = PBXBuildFile; fileRef = B7DF60F7190F622300441B2F /* KCLSampleExtendedLayoutIncludesOpaqueBarsTests.m */; };
/* End PBXBuildFile section */

/* Begin PBXContainerItemProxy section */
		B7DF60EF190F622300441B2F /* PBXContainerItemProxy */ = {
			isa = PBXContainerItemProxy;
			containerPortal = B7DF60C1190F622200441B2F /* Project object */;
			proxyType = 1;
			remoteGlobalIDString = B7DF60C8190F622200441B2F;
			remoteInfo = KCLSampleExtendedLayoutIncludesOpaqueBars;
		};
/* End PBXContainerItemProxy section */

/* Begin PBXFileReference section */
		B7DF60C9190F622200441B2F /* KCLSampleExtendedLayoutIncludesOpaqueBars.app */ = {isa = PBXFileReference; explicitFileType = wrapper.application; includeInIndex = 0; path = KCLSampleExtendedLayoutIncludesOpaqueBars.app; sourceTree = BUILT_PRODUCTS_DIR; };
		B7DF60CC190F622200441B2F /* Foundation.framework */ = {isa = PBXFileReference; lastKnownFileType = wrapper.framework; name = Foundation.framework; path = System/Library/Frameworks/Foundation.framework; sourceTree = SDKROOT; };
		B7DF60CE190F622200441B2F /* CoreGraphics.framework */ = {isa = PBXFileReference; lastKnownFileType = wrapper.framework; name = CoreGraphics.framework; path = System/Library/Frameworks/CoreGraphics.framework; sourceTree = SDKROOT; };
		B7DF60D0190F622200441B2F /* UIKit.framework */ = {isa = PBXFileReference; lastKnownFileType = wrapper.framework; name = UIKit.framework; path = System/Library/Frameworks/UIKit.framework; sourceTree = SDKROOT; };
		B7DF60D4190F622200441B2F /* KCLSampleExtendedLayoutIncludesOpaqueBars-Info.plist */ = {isa = PBXFileReference; lastKnownFileType = text.plist.xml; path = "KCLSampleExtendedLayoutIncludesOpaqueBars-Info.plist"; sourceTree = "<group>"; };
		B7DF60D6190F622200441B2F /* en */ = {isa = PBXFileReference; lastKnownFileType = text.plist.strings; name = en; path = en.lproj/InfoPlist.strings; sourceTree = "<group>"; };
		B7DF60D8190F622200441B2F /* main.m */ = {isa = PBXFileReference; lastKnownFileType = sourcecode.c.objc; path = main.m; sourceTree = "<group>"; };
		B7DF60DA190F622200441B2F /* KCLSampleExtendedLayoutIncludesOpaqueBars-Prefix.pch */ = {isa = PBXFileReference; lastKnownFileType = sourcecode.c.h; path = "KCLSampleExtendedLayoutIncludesOpaqueBars-Prefix.pch"; sourceTree = "<group>"; };
		B7DF60DB190F622200441B2F /* KCLAppDelegate.h */ = {isa = PBXFileReference; lastKnownFileType = sourcecode.c.h; path = KCLAppDelegate.h; sourceTree = "<group>"; };
		B7DF60DC190F622200441B2F /* KCLAppDelegate.m */ = {isa = PBXFileReference; lastKnownFileType = sourcecode.c.objc; path = KCLAppDelegate.m; sourceTree = "<group>"; };
		B7DF60DF190F622200441B2F /* Base */ = {isa = PBXFileReference; lastKnownFileType = file.storyboard; name = Base; path = Base.lproj/Main.storyboard; sourceTree = "<group>"; };
		B7DF60E1190F622200441B2F /* KCLViewController.h */ = {isa = PBXFileReference; lastKnownFileType = sourcecode.c.h; path = KCLViewController.h; sourceTree = "<group>"; };
		B7DF60E2190F622200441B2F /* KCLViewController.m */ = {isa = PBXFileReference; lastKnownFileType = sourcecode.c.objc; path = KCLViewController.m; sourceTree = "<group>"; };
		B7DF60E4190F622200441B2F /* Images.xcassets */ = {isa = PBXFileReference; lastKnownFileType = folder.assetcatalog; path = Images.xcassets; sourceTree = "<group>"; };
		B7DF60EA190F622300441B2F /* KCLSampleExtendedLayoutIncludesOpaqueBarsTests.xctest */ = {isa = PBXFileReference; explicitFileType = wrapper.cfbundle; includeInIndex = 0; path = KCLSampleExtendedLayoutIncludesOpaqueBarsTests.xctest; sourceTree = BUILT_PRODUCTS_DIR; };
		B7DF60EB190F622300441B2F /* XCTest.framework */ = {isa = PBXFileReference; lastKnownFileType = wrapper.framework; name = XCTest.framework; path = Library/Frameworks/XCTest.framework; sourceTree = DEVELOPER_DIR; };
		B7DF60F3190F622300441B2F /* KCLSampleExtendedLayoutIncludesOpaqueBarsTests-Info.plist */ = {isa = PBXFileReference; lastKnownFileType = text.plist.xml; path = "KCLSampleExtendedLayoutIncludesOpaqueBarsTests-Info.plist"; sourceTree = "<group>"; };
		B7DF60F5190F622300441B2F /* en */ = {isa = PBXFileReference; lastKnownFileType = text.plist.strings; name = en; path = en.lproj/InfoPlist.strings; sourceTree = "<group>"; };
		B7DF60F7190F622300441B2F /* KCLSampleExtendedLayoutIncludesOpaqueBarsTests.m */ = {isa = PBXFileReference; lastKnownFileType = sourcecode.c.objc; path = KCLSampleExtendedLayoutIncludesOpaqueBarsTests.m; sourceTree = "<group>"; };
/* End PBXFileReference section */

/* Begin PBXFrameworksBuildPhase section */
		B7DF60C6190F622200441B2F /* Frameworks */ = {
			isa = PBXFrameworksBuildPhase;
			buildActionMask = 2147483647;
			files = (
				B7DF60CF190F622200441B2F /* CoreGraphics.framework in Frameworks */,
				B7DF60D1190F622200441B2F /* UIKit.framework in Frameworks */,
				B7DF60CD190F622200441B2F /* Foundation.framework in Frameworks */,
			);
			runOnlyForDeploymentPostprocessing = 0;
		};
		B7DF60E7190F622300441B2F /* Frameworks */ = {
			isa = PBXFrameworksBuildPhase;
			buildActionMask = 2147483647;
			files = (
				B7DF60EC190F622300441B2F /* XCTest.framework in Frameworks */,
				B7DF60EE190F622300441B2F /* UIKit.framework in Frameworks */,
				B7DF60ED190F622300441B2F /* Foundation.framework in Frameworks */,
			);
			runOnlyForDeploymentPostprocessing = 0;
		};
/* End PBXFrameworksBuildPhase section */

/* Begin PBXGroup section */
		B7DF60C0190F622200441B2F = {
			isa = PBXGroup;
			children = (
				B7DF60D2190F622200441B2F /* KCLSampleExtendedLayoutIncludesOpaqueBars */,
				B7DF60F1190F622300441B2F /* KCLSampleExtendedLayoutIncludesOpaqueBarsTests */,
				B7DF60CB190F622200441B2F /* Frameworks */,
				B7DF60CA190F622200441B2F /* Products */,
			);
			sourceTree = "<group>";
		};
		B7DF60CA190F622200441B2F /* Products */ = {
			isa = PBXGroup;
			children = (
				B7DF60C9190F622200441B2F /* KCLSampleExtendedLayoutIncludesOpaqueBars.app */,
				B7DF60EA190F622300441B2F /* KCLSampleExtendedLayoutIncludesOpaqueBarsTests.xctest */,
			);
			name = Products;
			sourceTree = "<group>";
		};
		B7DF60CB190F622200441B2F /* Frameworks */ = {
			isa = PBXGroup;
			children = (
				B7DF60CC190F622200441B2F /* Foundation.framework */,
				B7DF60CE190F622200441B2F /* CoreGraphics.framework */,
				B7DF60D0190F622200441B2F /* UIKit.framework */,
				B7DF60EB190F622300441B2F /* XCTest.framework */,
			);
			name = Frameworks;
			sourceTree = "<group>";
		};
		B7DF60D2190F622200441B2F /* KCLSampleExtendedLayoutIncludesOpaqueBars */ = {
			isa = PBXGroup;
			children = (
				B7DF60DB190F622200441B2F /* KCLAppDelegate.h */,
				B7DF60DC190F622200441B2F /* KCLAppDelegate.m */,
				B7DF60DE190F622200441B2F /* Main.storyboard */,
				B7DF60E1190F622200441B2F /* KCLViewController.h */,
				B7DF60E2190F622200441B2F /* KCLViewController.m */,
				B7DF60E4190F622200441B2F /* Images.xcassets */,
				B7DF60D3190F622200441B2F /* Supporting Files */,
			);
			path = KCLSampleExtendedLayoutIncludesOpaqueBars;
			sourceTree = "<group>";
		};
		B7DF60D3190F622200441B2F /* Supporting Files */ = {
			isa = PBXGroup;
			children = (
				B7DF60D4190F622200441B2F /* KCLSampleExtendedLayoutIncludesOpaqueBars-Info.plist */,
				B7DF60D5190F622200441B2F /* InfoPlist.strings */,
				B7DF60D8190F622200441B2F /* main.m */,
				B7DF60DA190F622200441B2F /* KCLSampleExtendedLayoutIncludesOpaqueBars-Prefix.pch */,
			);
			name = "Supporting Files";
			sourceTree = "<group>";
		};
		B7DF60F1190F622300441B2F /* KCLSampleExtendedLayoutIncludesOpaqueBarsTests */ = {
			isa = PBXGroup;
			children = (
				B7DF60F7190F622300441B2F /* KCLSampleExtendedLayoutIncludesOpaqueBarsTests.m */,
				B7DF60F2190F622300441B2F /* Supporting Files */,
			);
			path = KCLSampleExtendedLayoutIncludesOpaqueBarsTests;
			sourceTree = "<group>";
		};
		B7DF60F2190F622300441B2F /* Supporting Files */ = {
			isa = PBXGroup;
			children = (
				B7DF60F3190F622300441B2F /* KCLSampleExtendedLayoutIncludesOpaqueBarsTests-Info.plist */,
				B7DF60F4190F622300441B2F /* InfoPlist.strings */,
			);
			name = "Supporting Files";
			sourceTree = "<group>";
		};
/* End PBXGroup section */

/* Begin PBXNativeTarget section */
		B7DF60C8190F622200441B2F /* KCLSampleExtendedLayoutIncludesOpaqueBars */ = {
			isa = PBXNativeTarget;
			buildConfigurationList = B7DF60FB190F622300441B2F /* Build configuration list for PBXNativeTarget "KCLSampleExtendedLayoutIncludesOpaqueBars" */;
			buildPhases = (
				B7DF60C5190F622200441B2F /* Sources */,
				B7DF60C6190F622200441B2F /* Frameworks */,
				B7DF60C7190F622200441B2F /* Resources */,
			);
			buildRules = (
			);
			dependencies = (
			);
			name = KCLSampleExtendedLayoutIncludesOpaqueBars;
			productName = KCLSampleExtendedLayoutIncludesOpaqueBars;
			productReference = B7DF60C9190F622200441B2F /* KCLSampleExtendedLayoutIncludesOpaqueBars.app */;
			productType = "com.apple.product-type.application";
		};
		B7DF60E9190F622300441B2F /* KCLSampleExtendedLayoutIncludesOpaqueBarsTests */ = {
			isa = PBXNativeTarget;
			buildConfigurationList = B7DF60FE190F622300441B2F /* Build configuration list for PBXNativeTarget "KCLSampleExtendedLayoutIncludesOpaqueBarsTests" */;
			buildPhases = (
				B7DF60E6190F622300441B2F /* Sources */,
				B7DF60E7190F622300441B2F /* Frameworks */,
				B7DF60E8190F622300441B2F /* Resources */,
			);
			buildRules = (
			);
			dependencies = (
				B7DF60F0190F622300441B2F /* PBXTargetDependency */,
			);
			name = KCLSampleExtendedLayoutIncludesOpaqueBarsTests;
			productName = KCLSampleExtendedLayoutIncludesOpaqueBarsTests;
			productReference = B7DF60EA190F622300441B2F /* KCLSampleExtendedLayoutIncludesOpaqueBarsTests.xctest */;
			productType = "com.apple.product-type.bundle.unit-test";
		};
/* End PBXNativeTarget section */

/* Begin PBXProject section */
		B7DF60C1190F622200441B2F /* Project object */ = {
			isa = PBXProject;
			attributes = {
				CLASSPREFIX = KCL;
				LastUpgradeCheck = 0510;
				ORGANIZATIONNAME = kclab;
				TargetAttributes = {
					B7DF60E9190F622300441B2F = {
						TestTargetID = B7DF60C8190F622200441B2F;
					};
				};
			};
			buildConfigurationList = B7DF60C4190F622200441B2F /* Build configuration list for PBXProject "KCLSampleExtendedLayoutIncludesOpaqueBars" */;
			compatibilityVersion = "Xcode 3.2";
			developmentRegion = English;
			hasScannedForEncodings = 0;
			knownRegions = (
				en,
				Base,
			);
			mainGroup = B7DF60C0190F622200441B2F;
			productRefGroup = B7DF60CA190F622200441B2F /* Products */;
			projectDirPath = "";
			projectRoot = "";
			targets = (
				B7DF60C8190F622200441B2F /* KCLSampleExtendedLayoutIncludesOpaqueBars */,
				B7DF60E9190F622300441B2F /* KCLSampleExtendedLayoutIncludesOpaqueBarsTests */,
			);
		};
/* End PBXProject section */

/* Begin PBXResourcesBuildPhase section */
		B7DF60C7190F622200441B2F /* Resources */ = {
			isa = PBXResourcesBuildPhase;
			buildActionMask = 2147483647;
			files = (
				B7DF60E5190F622200441B2F /* Images.xcassets in Resources */,
				B7DF60D7190F622200441B2F /* InfoPlist.strings in Resources */,
				B7DF60E0190F622200441B2F /* Main.storyboard in Resources */,
			);
			runOnlyForDeploymentPostprocessing = 0;
		};
		B7DF60E8190F622300441B2F /* Resources */ = {
			isa = PBXResourcesBuildPhase;
			buildActionMask = 2147483647;
			files = (
				B7DF60F6190F622300441B2F /* InfoPlist.strings in Resources */,
			);
			runOnlyForDeploymentPostprocessing = 0;
		};
/* End PBXResourcesBuildPhase section */

/* Begin PBXSourcesBuildPhase section */
		B7DF60C5190F622200441B2F /* Sources */ = {
			isa = PBXSourcesBuildPhase;
			buildActionMask = 2147483647;
			files = (
				B7DF60D9190F622200441B2F /* main.m in Sources */,
				B7DF60E3190F622200441B2F /* KCLViewController.m in Sources */,
				B7DF60DD190F622200441B2F /* KCLAppDelegate.m in Sources */,
			);
			runOnlyForDeploymentPostprocessing = 0;
		};
		B7DF60E6190F622300441B2F /* Sources */ = {
			isa = PBXSourcesBuildPhase;
			buildActionMask = 2147483647;
			files = (
				B7DF60F8190F622300441B2F /* KCLSampleExtendedLayoutIncludesOpaqueBarsTests.m in Sources */,
			);
			runOnlyForDeploymentPostprocessing = 0;
		};
/* End PBXSourcesBuildPhase section */

/* Begin PBXTargetDependency section */
		B7DF60F0190F622300441B2F /* PBXTargetDependency */ = {
			isa = PBXTargetDependency;
			target = B7DF60C8190F622200441B2F /* KCLSampleExtendedLayoutIncludesOpaqueBars */;
			targetProxy = B7DF60EF190F622300441B2F /* PBXContainerItemProxy */;
		};
/* End PBXTargetDependency section */

/* Begin PBXVariantGroup section */
		B7DF60D5190F622200441B2F /* InfoPlist.strings */ = {
			isa = PBXVariantGroup;
			children = (
				B7DF60D6190F622200441B2F /* en */,
			);
			name = InfoPlist.strings;
			sourceTree = "<group>";
		};
		B7DF60DE190F622200441B2F /* Main.storyboard */ = {
			isa = PBXVariantGroup;
			children = (
				B7DF60DF190F622200441B2F /* Base */,
			);
			name = Main.storyboard;
			sourceTree = "<group>";
		};
		B7DF60F4190F622300441B2F /* InfoPlist.strings */ = {
			isa = PBXVariantGroup;
			children = (
				B7DF60F5190F622300441B2F /* en */,
			);
			name = InfoPlist.strings;
			sourceTree = "<group>";
		};
/* End PBXVariantGroup section */

/* Begin XCBuildConfiguration section */
		B7DF60F9190F622300441B2F /* Debug */ = {
			isa = XCBuildConfiguration;
			buildSettings = {
				ALWAYS_SEARCH_USER_PATHS = NO;
				CLANG_CXX_LANGUAGE_STANDARD = "gnu++0x";
				CLANG_CXX_LIBRARY = "libc++";
				CLANG_ENABLE_MODULES = YES;
				CLANG_ENABLE_OBJC_ARC = YES;
				CLANG_WARN_BOOL_CONVERSION = YES;
				CLANG_WARN_CONSTANT_CONVERSION = YES;
				CLANG_WARN_DIRECT_OBJC_ISA_USAGE = YES_ERROR;
				CLANG_WARN_EMPTY_BODY = YES;
				CLANG_WARN_ENUM_CONVERSION = YES;
				CLANG_WARN_INT_CONVERSION = YES;
				CLANG_WARN_OBJC_ROOT_CLASS = YES_ERROR;
				CLANG_WARN__DUPLICATE_METHOD_MATCH = YES;
				"CODE_SIGN_IDENTITY[sdk=iphoneos*]" = "iPhone Developer";
				COPY_PHASE_STRIP = NO;
				GCC_C_LANGUAGE_STANDARD = gnu99;
				GCC_DYNAMIC_NO_PIC = NO;
				GCC_OPTIMIZATION_LEVEL = 0;
				GCC_PREPROCESSOR_DEFINITIONS = (
					"DEBUG=1",
					"$(inherited)",
				);
				GCC_SYMBOLS_PRIVATE_EXTERN = NO;
				GCC_WARN_64_TO_32_BIT_CONVERSION = YES;
				GCC_WARN_ABOUT_RETURN_TYPE = YES_ERROR;
				GCC_WARN_UNDECLARED_SELECTOR = YES;
				GCC_WARN_UNINITIALIZED_AUTOS = YES_AGGRESSIVE;
				GCC_WARN_UNUSED_FUNCTION = YES;
				GCC_WARN_UNUSED_VARIABLE = YES;
				IPHONEOS_DEPLOYMENT_TARGET = 7.1;
				ONLY_ACTIVE_ARCH = YES;
				SDKROOT = iphoneos;
			};
			name = Debug;
		};
		B7DF60FA190F622300441B2F /* Release */ = {
			isa = XCBuildConfiguration;
			buildSettings = {
				ALWAYS_SEARCH_USER_PATHS = NO;
				CLANG_CXX_LANGUAGE_STANDARD = "gnu++0x";
				CLANG_CXX_LIBRARY = "libc++";
				CLANG_ENABLE_MODULES = YES;
				CLANG_ENABLE_OBJC_ARC = YES;
				CLANG_WARN_BOOL_CONVERSION = YES;
				CLANG_WARN_CONSTANT_CONVERSION = YES;
				CLANG_WARN_DIRECT_OBJC_ISA_USAGE = YES_ERROR;
				CLANG_WARN_EMPTY_BODY = YES;
				CLANG_WARN_ENUM_CONVERSION = YES;
				CLANG_WARN_INT_CONVERSION = YES;
				CLANG_WARN_OBJC_ROOT_CLASS = YES_ERROR;
				CLANG_WARN__DUPLICATE_METHOD_MATCH = YES;
				"CODE_SIGN_IDENTITY[sdk=iphoneos*]" = "iPhone Developer";
				COPY_PHASE_STRIP = YES;
				ENABLE_NS_ASSERTIONS = NO;
				GCC_C_LANGUAGE_STANDARD = gnu99;
				GCC_WARN_64_TO_32_BIT_CONVERSION = YES;
				GCC_WARN_ABOUT_RETURN_TYPE = YES_ERROR;
				GCC_WARN_UNDECLARED_SELECTOR = YES;
				GCC_WARN_UNINITIALIZED_AUTOS = YES_AGGRESSIVE;
				GCC_WARN_UNUSED_FUNCTION = YES;
				GCC_WARN_UNUSED_VARIABLE = YES;
				IPHONEOS_DEPLOYMENT_TARGET = 7.1;
				SDKROOT = iphoneos;
				VALIDATE_PRODUCT = YES;
			};
			name = Release;
		};
		B7DF60FC190F622300441B2F /* Debug */ = {
			isa = XCBuildConfiguration;
			buildSettings = {
				ASSETCATALOG_COMPILER_APPICON_NAME = AppIcon;
				ASSETCATALOG_COMPILER_LAUNCHIMAGE_NAME = LaunchImage;
				GCC_PRECOMPILE_PREFIX_HEADER = YES;
				GCC_PREFIX_HEADER = "KCLSampleExtendedLayoutIncludesOpaqueBars/KCLSampleExtendedLayoutIncludesOpaqueBars-Prefix.pch";
				INFOPLIST_FILE = "KCLSampleExtendedLayoutIncludesOpaqueBars/KCLSampleExtendedLayoutIncludesOpaqueBars-Info.plist";
				PRODUCT_NAME = "$(TARGET_NAME)";
				WRAPPER_EXTENSION = app;
			};
			name = Debug;
		};
		B7DF60FD190F622300441B2F /* Release */ = {
			isa = XCBuildConfiguration;
			buildSettings = {
				ASSETCATALOG_COMPILER_APPICON_NAME = AppIcon;
				ASSETCATALOG_COMPILER_LAUNCHIMAGE_NAME = LaunchImage;
				GCC_PRECOMPILE_PREFIX_HEADER = YES;
				GCC_PREFIX_HEADER = "KCLSampleExtendedLayoutIncludesOpaqueBars/KCLSampleExtendedLayoutIncludesOpaqueBars-Prefix.pch";
				INFOPLIST_FILE = "KCLSampleExtendedLayoutIncludesOpaqueBars/KCLSampleExtendedLayoutIncludesOpaqueBars-Info.plist";
				PRODUCT_NAME = "$(TARGET_NAME)";
				WRAPPER_EXTENSION = app;
			};
			name = Release;
		};
		B7DF60FF190F622300441B2F /* Debug */ = {
			isa = XCBuildConfiguration;
			buildSettings = {
				BUNDLE_LOADER = "$(BUILT_PRODUCTS_DIR)/KCLSampleExtendedLayoutIncludesOpaqueBars.app/KCLSampleExtendedLayoutIncludesOpaqueBars";
				FRAMEWORK_SEARCH_PATHS = (
					"$(SDKROOT)/Developer/Library/Frameworks",
					"$(inherited)",
					"$(DEVELOPER_FRAMEWORKS_DIR)",
				);
				GCC_PRECOMPILE_PREFIX_HEADER = YES;
				GCC_PREFIX_HEADER = "KCLSampleExtendedLayoutIncludesOpaqueBars/KCLSampleExtendedLayoutIncludesOpaqueBars-Prefix.pch";
				GCC_PREPROCESSOR_DEFINITIONS = (
					"DEBUG=1",
					"$(inherited)",
				);
				INFOPLIST_FILE = "KCLSampleExtendedLayoutIncludesOpaqueBarsTests/KCLSampleExtendedLayoutIncludesOpaqueBarsTests-Info.plist";
				PRODUCT_NAME = "$(TARGET_NAME)";
				TEST_HOST = "$(BUNDLE_LOADER)";
				WRAPPER_EXTENSION = xctest;
			};
			name = Debug;
		};
		B7DF6100190F622300441B2F /* Release */ = {
			isa = XCBuildConfiguration;
			buildSettings = {
				BUNDLE_LOADER = "$(BUILT_PRODUCTS_DIR)/KCLSampleExtendedLayoutIncludesOpaqueBars.app/KCLSampleExtendedLayoutIncludesOpaqueBars";
				FRAMEWORK_SEARCH_PATHS = (
					"$(SDKROOT)/Developer/Library/Frameworks",
					"$(inherited)",
					"$(DEVELOPER_FRAMEWORKS_DIR)",
				);
				GCC_PRECOMPILE_PREFIX_HEADER = YES;
				GCC_PREFIX_HEADER = "KCLSampleExtendedLayoutIncludesOpaqueBars/KCLSampleExtendedLayoutIncludesOpaqueBars-Prefix.pch";
				INFOPLIST_FILE = "KCLSampleExtendedLayoutIncludesOpaqueBarsTests/KCLSampleExtendedLayoutIncludesOpaqueBarsTests-Info.plist";
				PRODUCT_NAME = "$(TARGET_NAME)";
				TEST_HOST = "$(BUNDLE_LOADER)";
				WRAPPER_EXTENSION = xctest;
			};
			name = Release;
		};
/* End XCBuildConfiguration section */

/* Begin XCConfigurationList section */
		B7DF60C4190F622200441B2F /* Build configuration list for PBXProject "KCLSampleExtendedLayoutIncludesOpaqueBars" */ = {
			isa = XCConfigurationList;
			buildConfigurations = (
				B7DF60F9190F622300441B2F /* Debug */,
				B7DF60FA190F622300441B2F /* Release */,
			);
			defaultConfigurationIsVisible = 0;
			defaultConfigurationName = Release;
		};
		B7DF60FB190F622300441B2F /* Build configuration list for PBXNativeTarget "KCLSampleExtendedLayoutIncludesOpaqueBars" */ = {
			isa = XCConfigurationList;
			buildConfigurations = (
				B7DF60FC190F622300441B2F /* Debug */,
				B7DF60FD190F622300441B2F /* Release */,
			);
			defaultConfigurationIsVisible = 0;
		};
		B7DF60FE190F622300441B2F /* Build configuration list for PBXNativeTarget "KCLSampleExtendedLayoutIncludesOpaqueBarsTests" */ = {
			isa = XCConfigurationList;
			buildConfigurations = (
				B7DF60FF190F622300441B2F /* Debug */,
				B7DF6100190F622300441B2F /* Release */,
			);
			defaultConfigurationIsVisible = 0;
		};
/* End XCConfigurationList section */
	};
	rootObject = B7DF60C1190F622200441B2F /* Project object */;
}
